
Microsoft Visual Studio Solution File, Format Version 12.00
# Visual Studio 15
VisualStudioVersion = 15.0.27428.1
MinimumVisualStudioVersion = 10.0.40219.1
Project("{FAE04EC0-301F-11D3-BF4B-00C04F79EFBC}") = "Startup", "Startup\Startup.csproj", "{70407CF5-C021-45E0-89CD-5892156ECBEA}"
EndProject
Project("{FAE04EC0-301F-11D3-BF4B-00C04F79EFBC}") = "LibraryInterface", "LibraryInterface\LibraryInterface.csproj", "{B6FB3758-E6A7-4F96-9DAB-4799A66AEB0A}"
EndProject
Project("{FAE04EC0-301F-11D3-BF4B-00C04F79EFBC}") = "LibraryImplement", "LibraryImplement\LibraryImplement.csproj", "{DBD13D2F-D7CE-408C-B37F-152F4350859C}"
EndProject
Project("{FAE04EC0-301F-11D3-BF4B-00C04F79EFBC}") = "AutofacModule", "AutofacModule\AutofacModule.csproj", "{0E69DF2E-7230-450A-ACF8-F77880470717}"
EndProject
Global
	GlobalSection(SolutionConfigurationPlatforms) = preSolution
		Debug|Any CPU = Debug|Any CPU
		Release|Any CPU = Release|Any CPU
	EndGlobalSection
	GlobalSection(ProjectConfigurationPlatforms) = postSolution
		{70407CF5-C021-45E0-89CD-5892156ECBEA}.Debug|Any CPU.ActiveCfg = Debug|Any CPU
		{70407CF5-C021-45E0-89CD-5892156ECBEA}.Debug|Any CPU.Build.0 = Debug|Any CPU
		{70407CF5-C021-45E0-89CD-5892156ECBEA}.Release|Any CPU.ActiveCfg = Release|Any CPU
		{70407CF5-C021-45E0-89CD-5892156ECBEA}.Release|Any CPU.Build.0 = Release|Any CPU
		{B6FB3758-E6A7-4F96-9DAB-4799A66AEB0A}.Debug|Any CPU.ActiveCfg = Debug|Any CPU
		{B6FB3758-E6A7-4F96-9DAB-4799A66AEB0A}.Debug|Any CPU.Build.0 = Debug|Any CPU
		{B6FB3758-E6A7-4F96-9DAB-4799A66AEB0A}.Release|Any CPU.ActiveCfg = Release|Any CPU
		{B6FB3758-E6A7-4F96-9DAB-4799A66AEB0A}.Release|Any CPU.Build.0 = Release|Any CPU
		{DBD13D2F-D7CE-408C-B37F-152F4350859C}.Debug|Any CPU.ActiveCfg = Debug|Any CPU
		{DBD13D2F-D7CE-408C-B37F-152F4350859C}.Debug|Any CPU.Build.0 = Debug|Any CPU
		{DBD13D2F-D7CE-408C-B37F-152F4350859C}.Release|Any CPU.ActiveCfg = Release|Any CPU
		{DBD13D2F-D7CE-408C-B37F-152F4350859C}.Release|Any CPU.Build.0 = Release|Any CPU
		{0E69DF2E-7230-450A-ACF8-F77880470717}.Debug|Any CPU.ActiveCfg = Debug|Any CPU
		{0E69DF2E-7230-450A-ACF8-F77880470717}.Debug|Any CPU.Build.0 = Debug|Any CPU
		{0E69DF2E-7230-450A-ACF8-F77880470717}.Release|Any CPU.ActiveCfg = Release|Any CPU
		{0E69DF2E-7230-450A-ACF8-F77880470717}.Release|Any CPU.Build.0 = Release|Any CPU
	EndGlobalSection
	GlobalSection(SolutionProperties) = preSolution
		HideSolutionNode = FALSE
	EndGlobalSection
	GlobalSection(ExtensibilityGlobals) = postSolution
		SolutionGuid = {1C17D75F-4EE1-40F4-A541-3E622A6D2A52}
	EndGlobalSection
EndGlobal
